
Microsoft Visual Studio Solution File, Format Version 12.00
# Visual Studio Version 17
VisualStudioVersion = 17.8.34316.72
MinimumVisualStudioVersion = 10.0.40219.1
Project("{FAE04EC0-301F-11D3-BF4B-00C04F79EFBC}") = "MouseClick_Challenge", "MouseClick_Challenge\MouseClick_Challenge.csproj", "{B12FFB68-DE68-4B86-93E0-8912E2796EF0}"
EndProject
Global
	GlobalSection(SolutionConfigurationPlatforms) = preSolution
		Debug|Any CPU = Debug|Any CPU
		Release|Any CPU = Release|Any CPU
	EndGlobalSection
	GlobalSection(ProjectConfigurationPlatforms) = postSolution
		{B12FFB68-DE68-4B86-93E0-8912E2796EF0}.Debug|Any CPU.ActiveCfg = Debug|Any CPU
		{B12FFB68-DE68-4B86-93E0-8912E2796EF0}.Debug|Any CPU.Build.0 = Debug|Any CPU
		{B12FFB68-DE68-4B86-93E0-8912E2796EF0}.Release|Any CPU.ActiveCfg = Release|Any CPU
		{B12FFB68-DE68-4B86-93E0-8912E2796EF0}.Release|Any CPU.Build.0 = Release|Any CPU
	EndGlobalSection
	GlobalSection(SolutionProperties) = preSolution
		HideSolutionNode = FALSE
	EndGlobalSection
	GlobalSection(ExtensibilityGlobals) = postSolution
		SolutionGuid = {5C29F03E-BF7D-445C-8D28-3AAA9B0A6731}
	EndGlobalSection
EndGlobal
